// !$*UTF8*$!
{
	archiveVersion = 1;
	classes = {
	};
	objectVersion = 77;
	objects = {

/* Begin PBXBuildFile section */
		5CBCD0C4F5D854C02C8943F2 /* Assets.xcassets in Resources */ = {isa = PBXBuildFile; fileRef = FC2C70B6985A5CD8DBADEAD4 /* Assets.xcassets */; };
		6F3FF6BA7A36E7B4F94D601E /* AppLockerTests.swift in Sources */ = {isa = PBXBuildFile; fileRef = D682C253BCEB4B84679B4310 /* AppLockerTests.swift */; };
		77E36E7E071BD6BAE48F247E /* ContentView.swift in Sources */ = {isa = PBXBuildFile; fileRef = 2553F69456D89C08A1536122 /* ContentView.swift */; };
		B53FE3D5972AC7393201B9FF /* AppLockerApp.swift in Sources */ = {isa = PBXBuildFile; fileRef = 4F5BE33F7DE94E17A2C3DE30 /* AppLockerApp.swift */; };
/* End PBXBuildFile section */

/* Begin PBXContainerItemProxy section */
		14915EE5F32EE9FA8871A8C2 /* PBXContainerItemProxy */ = {
			isa = PBXContainerItemProxy;
			containerPortal = A8932C059C5524D8EEE5AB31 /* Project object */;
			proxyType = 1;
			remoteGlobalIDString = 838A50B8352CDA35BE9467DB;
			remoteInfo = AppLocker;
		};
/* End PBXContainerItemProxy section */

/* Begin PBXFileReference section */
		2553F69456D89C08A1536122 /* ContentView.swift */ = {isa = PBXFileReference; lastKnownFileType = sourcecode.swift; path = ContentView.swift; sourceTree = "<group>"; };
		4C6381354673F2554D470563 /* AppLockerTests.xctest */ = {isa = PBXFileReference; includeInIndex = 0; lastKnownFileType = wrapper.cfbundle; path = AppLockerTests.xctest; sourceTree = BUILT_PRODUCTS_DIR; };
		4F5BE33F7DE94E17A2C3DE30 /* AppLockerApp.swift */ = {isa = PBXFileReference; lastKnownFileType = sourcecode.swift; path = AppLockerApp.swift; sourceTree = "<group>"; };
		6C66F2C2D536D29202AB3B23 /* AppLocker.app */ = {isa = PBXFileReference; includeInIndex = 0; lastKnownFileType = wrapper.application; path = AppLocker.app; sourceTree = BUILT_PRODUCTS_DIR; };
		90DE6E1C641C1FAF4FD240FE /* AppLocker.entitlements */ = {isa = PBXFileReference; lastKnownFileType = text.plist.entitlements; path = AppLocker.entitlements; sourceTree = "<group>"; };
		C376E0F0C047147E51FA5AF7 /* Info.plist */ = {isa = PBXFileReference; lastKnownFileType = text.plist; path = Info.plist; sourceTree = "<group>"; };
		D682C253BCEB4B84679B4310 /* AppLockerTests.swift */ = {isa = PBXFileReference; lastKnownFileType = sourcecode.swift; path = AppLockerTests.swift; sourceTree = "<group>"; };
		FC2C70B6985A5CD8DBADEAD4 /* Assets.xcassets */ = {isa = PBXFileReference; lastKnownFileType = folder.assetcatalog; path = Assets.xcassets; sourceTree = "<group>"; };
/* End PBXFileReference section */

/* Begin PBXGroup section */
		4AC503E20D4C821005116143 /* AppLockerTests */ = {
			isa = PBXGroup;
			children = (
				D682C253BCEB4B84679B4310 /* AppLockerTests.swift */,
			);
			path = AppLockerTests;
			sourceTree = "<group>";
		};
		8C3A5AB94E522078C0270E61 /* Resources */ = {
			isa = PBXGroup;
			children = (
				FC2C70B6985A5CD8DBADEAD4 /* Assets.xcassets */,
			);
			path = Resources;
			sourceTree = "<group>";
		};
		8E0F6311E271BB1A63CD3BF9 = {
			isa = PBXGroup;
			children = (
				E4F4F09F47F4A723EB4121D8 /* AppLocker */,
				4AC503E20D4C821005116143 /* AppLockerTests */,
				CBEA73997D78AB8F6D3E9A93 /* Products */,
			);
			sourceTree = "<group>";
		};
		CBEA73997D78AB8F6D3E9A93 /* Products */ = {
			isa = PBXGroup;
			children = (
				6C66F2C2D536D29202AB3B23 /* AppLocker.app */,
				4C6381354673F2554D470563 /* AppLockerTests.xctest */,
			);
			name = Products;
			sourceTree = "<group>";
		};
		DF4108D2F74AF7980D2AC567 /* App */ = {
			isa = PBXGroup;
			children = (
				4F5BE33F7DE94E17A2C3DE30 /* AppLockerApp.swift */,
				2553F69456D89C08A1536122 /* ContentView.swift */,
			);
			path = App;
			sourceTree = "<group>";
		};
		E4F4F09F47F4A723EB4121D8 /* AppLocker */ = {
			isa = PBXGroup;
			children = (
				90DE6E1C641C1FAF4FD240FE /* AppLocker.entitlements */,
				C376E0F0C047147E51FA5AF7 /* Info.plist */,
				DF4108D2F74AF7980D2AC567 /* App */,
				8C3A5AB94E522078C0270E61 /* Resources */,
			);
			path = AppLocker;
			sourceTree = "<group>";
		};
		"TEMP_AA8C8B39-408B-4A46-B1D8-34FBC0528A66" /* Views */ = {
			isa = PBXGroup;
			children = (
			);
			path = Views;
			sourceTree = "<group>";
		};
		"TEMP_F7A724D5-0575-49EA-8B54-E9B79DC1C23C" /* Localization */ = {
			isa = PBXGroup;
			children = (
			);
			path = Localization;
			sourceTree = "<group>";
		};
/* End PBXGroup section */

/* Begin PBXNativeTarget section */
		62F41D85C25AB7ABDFBBFB19 /* AppLockerTests */ = {
			isa = PBXNativeTarget;
			buildConfigurationList = 25517BE38DF80A1321EBD897 /* Build configuration list for PBXNativeTarget "AppLockerTests" */;
			buildPhases = (
				96596564735D61270C514CB2 /* Sources */,
			);
			buildRules = (
			);
			dependencies = (
				3B1E6990B28BB0075BC623DA /* PBXTargetDependency */,
			);
			name = AppLockerTests;
			packageProductDependencies = (
			);
			productName = AppLockerTests;
			productReference = 4C6381354673F2554D470563 /* AppLockerTests.xctest */;
			productType = "com.apple.product-type.bundle.unit-test";
		};
		838A50B8352CDA35BE9467DB /* AppLocker */ = {
			isa = PBXNativeTarget;
			buildConfigurationList = AAE4AD402ACAD86ED00854F3 /* Build configuration list for PBXNativeTarget "AppLocker" */;
			buildPhases = (
				5C51E605B5FB1088D2A76E79 /* Sources */,
				AD173A55884ADCCF29B7F360 /* Resources */,
			);
			buildRules = (
			);
			dependencies = (
			);
			name = AppLocker;
			packageProductDependencies = (
			);
			productName = AppLocker;
			productReference = 6C66F2C2D536D29202AB3B23 /* AppLocker.app */;
			productType = "com.apple.product-type.application";
		};
/* End PBXNativeTarget section */

/* Begin PBXProject section */
		A8932C059C5524D8EEE5AB31 /* Project object */ = {
			isa = PBXProject;
			attributes = {
				BuildIndependentTargetsInParallel = YES;
				LastUpgradeCheck = 1600;
				TargetAttributes = {
					62F41D85C25AB7ABDFBBFB19 = {
						DevelopmentTeam = 2ZNZRXNPWQ;
						ProvisioningStyle = Automatic;
						TestTargetID = 838A50B8352CDA35BE9467DB;
					};
					838A50B8352CDA35BE9467DB = {
						DevelopmentTeam = 2ZNZRXNPWQ;
						ProvisioningStyle = Automatic;
					};
				};
			};
			buildConfigurationList = A6A8C1B754898942F8811D6C /* Build configuration list for PBXProject "AppLocker" */;
			developmentRegion = en;
			hasScannedForEncodings = 0;
			knownRegions = (
				Base,
				en,
			);
			mainGroup = 8E0F6311E271BB1A63CD3BF9;
			minimizedProjectReferenceProxies = 1;
			preferredProjectObjectVersion = 77;
			productRefGroup = CBEA73997D78AB8F6D3E9A93 /* Products */;
			projectDirPath = "";
			projectRoot = "";
			targets = (
				838A50B8352CDA35BE9467DB /* AppLocker */,
				62F41D85C25AB7ABDFBBFB19 /* AppLockerTests */,
			);
		};
/* End PBXProject section */

/* Begin PBXResourcesBuildPhase section */
		AD173A55884ADCCF29B7F360 /* Resources */ = {
			isa = PBXResourcesBuildPhase;
			buildActionMask = 2147483647;
			files = (
				5CBCD0C4F5D854C02C8943F2 /* Assets.xcassets in Resources */,
			);
			runOnlyForDeploymentPostprocessing = 0;
		};
/* End PBXResourcesBuildPhase section */

/* Begin PBXSourcesBuildPhase section */
		5C51E605B5FB1088D2A76E79 /* Sources */ = {
			isa = PBXSourcesBuildPhase;
			buildActionMask = 2147483647;
			files = (
				B53FE3D5972AC7393201B9FF /* AppLockerApp.swift in Sources */,
				77E36E7E071BD6BAE48F247E /* ContentView.swift in Sources */,
			);
			runOnlyForDeploymentPostprocessing = 0;
		};
		96596564735D61270C514CB2 /* Sources */ = {
			isa = PBXSourcesBuildPhase;
			buildActionMask = 2147483647;
			files = (
				6F3FF6BA7A36E7B4F94D601E /* AppLockerTests.swift in Sources */,
			);
			runOnlyForDeploymentPostprocessing = 0;
		};
/* End PBXSourcesBuildPhase section */

/* Begin PBXTargetDependency section */
		3B1E6990B28BB0075BC623DA /* PBXTargetDependency */ = {
			isa = PBXTargetDependency;
			target = 838A50B8352CDA35BE9467DB /* AppLocker */;
			targetProxy = 14915EE5F32EE9FA8871A8C2 /* PBXContainerItemProxy */;
		};
/* End PBXTargetDependency section */

/* Begin XCBuildConfiguration section */
		371C0AB1BB9C558E6F093BE9 /* Release */ = {
			isa = XCBuildConfiguration;
			buildSettings = {
				BUNDLE_LOADER = "$(TEST_HOST)";
				LD_RUNPATH_SEARCH_PATHS = (
					"$(inherited)",
					"@executable_path/Frameworks",
					"@loader_path/Frameworks",
				);
				PRODUCT_BUNDLE_IDENTIFIER = com.pangtong.applocker.tests;
				SDKROOT = iphoneos;
				TARGETED_DEVICE_FAMILY = "1,2";
				TEST_HOST = "$(BUILT_PRODUCTS_DIR)/AppLocker.app/AppLocker";
				TEST_TARGET_NAME = AppLocker;
			};
			name = Release;
		};
		39DF8C8FAB9EDBB6108AE99A /* Debug */ = {
			isa = XCBuildConfiguration;
			buildSettings = {
				ASSETCATALOG_COMPILER_APPICON_NAME = AppIcon;
				CODE_SIGN_IDENTITY = "iPhone Developer";
				INFOPLIST_FILE = AppLocker/Info.plist;
				LD_RUNPATH_SEARCH_PATHS = (
					"$(inherited)",
					"@executable_path/Frameworks",
				);
				PRODUCT_BUNDLE_IDENTIFIER = com.pangtong.applocker;
				SDKROOT = iphoneos;
				TARGETED_DEVICE_FAMILY = 1;
			};
			name = Debug;
		};
		82727135C5DC1213A2BC8A6B /* Debug */ = {
			isa = XCBuildConfiguration;
			buildSettings = {
				BUNDLE_LOADER = "$(TEST_HOST)";
				LD_RUNPATH_SEARCH_PATHS = (
					"$(inherited)",
					"@executable_path/Frameworks",
					"@loader_path/Frameworks",
				);
				PRODUCT_BUNDLE_IDENTIFIER = com.pangtong.applocker.tests;
				SDKROOT = iphoneos;
				TARGETED_DEVICE_FAMILY = "1,2";
				TEST_HOST = "$(BUILT_PRODUCTS_DIR)/AppLocker.app/AppLocker";
				TEST_TARGET_NAME = AppLocker;
			};
			name = Debug;
		};
		87608286E422C55091A829B1 /* Release */ = {
			isa = XCBuildConfiguration;
			buildSettings = {
				ASSETCATALOG_COMPILER_APPICON_NAME = AppIcon;
				CODE_SIGN_IDENTITY = "iPhone Developer";
				INFOPLIST_FILE = AppLocker/Info.plist;
				LD_RUNPATH_SEARCH_PATHS = (
					"$(inherited)",
					"@executable_path/Frameworks",
				);
				PRODUCT_BUNDLE_IDENTIFIER = com.pangtong.applocker;
				SDKROOT = iphoneos;
				TARGETED_DEVICE_FAMILY = 1;
			};
			name = Release;
		};
		CF49C63E6ABA3C54264FDC1D /* Debug */ = {
			isa = XCBuildConfiguration;
			buildSettings = {
				ALWAYS_SEARCH_USER_PATHS = NO;
				CLANG_ANALYZER_NONNULL = YES;
				CLANG_ANALYZER_NUMBER_OBJECT_CONVERSION = YES_AGGRESSIVE;
				CLANG_CXX_LANGUAGE_STANDARD = "gnu++14";
				CLANG_CXX_LIBRARY = "libc++";
				CLANG_ENABLE_MODULES = YES;
				CLANG_ENABLE_OBJC_ARC = YES;
				CLANG_ENABLE_OBJC_WEAK = YES;
				CLANG_WARN_BLOCK_CAPTURE_AUTORELEASING = YES;
				CLANG_WARN_BOOL_CONVERSION = YES;
				CLANG_WARN_COMMA = YES;
				CLANG_WARN_CONSTANT_CONVERSION = YES;
				CLANG_WARN_DEPRECATED_OBJC_IMPLEMENTATIONS = YES;
				CLANG_WARN_DIRECT_OBJC_ISA_USAGE = YES_ERROR;
				CLANG_WARN_DOCUMENTATION_COMMENTS = YES;
				CLANG_WARN_EMPTY_BODY = YES;
				CLANG_WARN_ENUM_CONVERSION = YES;
				CLANG_WARN_INFINITE_RECURSION = YES;
				CLANG_WARN_INT_CONVERSION = YES;
				CLANG_WARN_NON_LITERAL_NULL_CONVERSION = YES;
				CLANG_WARN_OBJC_IMPLICIT_RETAIN_SELF = YES;
				CLANG_WARN_OBJC_LITERAL_CONVERSION = YES;
				CLANG_WARN_OBJC_ROOT_CLASS = YES_ERROR;
				CLANG_WARN_QUOTED_INCLUDE_IN_FRAMEWORK_HEADER = YES;
				CLANG_WARN_RANGE_LOOP_ANALYSIS = YES;
				CLANG_WARN_STRICT_PROTOTYPES = YES;
				CLANG_WARN_SUSPICIOUS_MOVE = YES;
				CLANG_WARN_UNGUARDED_AVAILABILITY = YES_AGGRESSIVE;
				CLANG_WARN_UNREACHABLE_CODE = YES;
				CLANG_WARN__DUPLICATE_METHOD_MATCH = YES;
				CODE_SIGN_STYLE = Automatic;
				COPY_PHASE_STRIP = NO;
				CURRENT_PROJECT_VERSION = 1;
				DEBUG_INFORMATION_FORMAT = dwarf;
				DEVELOPMENT_TEAM = 2ZNZRXNPWQ;
				ENABLE_STRICT_OBJC_MSGSEND = YES;
				ENABLE_TESTABILITY = YES;
				GCC_C_LANGUAGE_STANDARD = gnu11;
				GCC_DYNAMIC_NO_PIC = NO;
				GCC_NO_COMMON_BLOCKS = YES;
				GCC_OPTIMIZATION_LEVEL = 0;
				GCC_PREPROCESSOR_DEFINITIONS = (
					"$(inherited)",
					"DEBUG=1",
				);
				GCC_WARN_64_TO_32_BIT_CONVERSION = YES;
				GCC_WARN_ABOUT_RETURN_TYPE = YES_ERROR;
				GCC_WARN_UNDECLARED_SELECTOR = YES;
				GCC_WARN_UNINITIALIZED_AUTOS = YES_AGGRESSIVE;
				GCC_WARN_UNUSED_FUNCTION = YES;
				GCC_WARN_UNUSED_VARIABLE = YES;
				INFOPLIST_KEY_CFBundleDisplayName = "应用锁";
				INFOPLIST_KEY_LSApplicationCategoryType = "public.app-category.utilities";
				IPHONEOS_DEPLOYMENT_TARGET = 18.0;
				MARKETING_VERSION = 1.0.0;
				MTL_ENABLE_DEBUG_INFO = INCLUDE_SOURCE;
				MTL_FAST_MATH = YES;
				ONLY_ACTIVE_ARCH = YES;
				PRODUCT_NAME = "$(TARGET_NAME)";
				SDKROOT = iphoneos;
				SWIFT_ACTIVE_COMPILATION_CONDITIONS = DEBUG;
				SWIFT_OPTIMIZATION_LEVEL = "-Onone";
				SWIFT_VERSION = 6.0;
			};
			name = Debug;
		};
		F71E76325D88D0F1AE5EC405 /* Release */ = {
			isa = XCBuildConfiguration;
			buildSettings = {
				ALWAYS_SEARCH_USER_PATHS = NO;
				CLANG_ANALYZER_NONNULL = YES;
				CLANG_ANALYZER_NUMBER_OBJECT_CONVERSION = YES_AGGRESSIVE;
				CLANG_CXX_LANGUAGE_STANDARD = "gnu++14";
				CLANG_CXX_LIBRARY = "libc++";
				CLANG_ENABLE_MODULES = YES;
				CLANG_ENABLE_OBJC_ARC = YES;
				CLANG_ENABLE_OBJC_WEAK = YES;
				CLANG_WARN_BLOCK_CAPTURE_AUTORELEASING = YES;
				CLANG_WARN_BOOL_CONVERSION = YES;
				CLANG_WARN_COMMA = YES;
				CLANG_WARN_CONSTANT_CONVERSION = YES;
				CLANG_WARN_DEPRECATED_OBJC_IMPLEMENTATIONS = YES;
				CLANG_WARN_DIRECT_OBJC_ISA_USAGE = YES_ERROR;
				CLANG_WARN_DOCUMENTATION_COMMENTS = YES;
				CLANG_WARN_EMPTY_BODY = YES;
				CLANG_WARN_ENUM_CONVERSION = YES;
				CLANG_WARN_INFINITE_RECURSION = YES;
				CLANG_WARN_INT_CONVERSION = YES;
				CLANG_WARN_NON_LITERAL_NULL_CONVERSION = YES;
				CLANG_WARN_OBJC_IMPLICIT_RETAIN_SELF = YES;
				CLANG_WARN_OBJC_LITERAL_CONVERSION = YES;
				CLANG_WARN_OBJC_ROOT_CLASS = YES_ERROR;
				CLANG_WARN_QUOTED_INCLUDE_IN_FRAMEWORK_HEADER = YES;
				CLANG_WARN_RANGE_LOOP_ANALYSIS = YES;
				CLANG_WARN_STRICT_PROTOTYPES = YES;
				CLANG_WARN_SUSPICIOUS_MOVE = YES;
				CLANG_WARN_UNGUARDED_AVAILABILITY = YES_AGGRESSIVE;
				CLANG_WARN_UNREACHABLE_CODE = YES;
				CLANG_WARN__DUPLICATE_METHOD_MATCH = YES;
				CODE_SIGN_STYLE = Automatic;
				COPY_PHASE_STRIP = NO;
				CURRENT_PROJECT_VERSION = 1;
				DEBUG_INFORMATION_FORMAT = "dwarf-with-dsym";
				DEVELOPMENT_TEAM = 2ZNZRXNPWQ;
				ENABLE_NS_ASSERTIONS = NO;
				ENABLE_STRICT_OBJC_MSGSEND = YES;
				GCC_C_LANGUAGE_STANDARD = gnu11;
				GCC_NO_COMMON_BLOCKS = YES;
				GCC_WARN_64_TO_32_BIT_CONVERSION = YES;
				GCC_WARN_ABOUT_RETURN_TYPE = YES_ERROR;
				GCC_WARN_UNDECLARED_SELECTOR = YES;
				GCC_WARN_UNINITIALIZED_AUTOS = YES_AGGRESSIVE;
				GCC_WARN_UNUSED_FUNCTION = YES;
				GCC_WARN_UNUSED_VARIABLE = YES;
				INFOPLIST_KEY_CFBundleDisplayName = "应用锁";
				INFOPLIST_KEY_LSApplicationCategoryType = "public.app-category.utilities";
				IPHONEOS_DEPLOYMENT_TARGET = 18.0;
				MARKETING_VERSION = 1.0.0;
				MTL_ENABLE_DEBUG_INFO = NO;
				MTL_FAST_MATH = YES;
				PRODUCT_NAME = "$(TARGET_NAME)";
				SDKROOT = iphoneos;
				SWIFT_COMPILATION_MODE = wholemodule;
				SWIFT_OPTIMIZATION_LEVEL = "-O";
				SWIFT_VERSION = 6.0;
			};
			name = Release;
		};
/* End XCBuildConfiguration section */

/* Begin XCConfigurationList section */
		25517BE38DF80A1321EBD897 /* Build configuration list for PBXNativeTarget "AppLockerTests" */ = {
			isa = XCConfigurationList;
			buildConfigurations = (
				82727135C5DC1213A2BC8A6B /* Debug */,
				371C0AB1BB9C558E6F093BE9 /* Release */,
			);
			defaultConfigurationIsVisible = 0;
			defaultConfigurationName = Debug;
		};
		A6A8C1B754898942F8811D6C /* Build configuration list for PBXProject "AppLocker" */ = {
			isa = XCConfigurationList;
			buildConfigurations = (
				CF49C63E6ABA3C54264FDC1D /* Debug */,
				F71E76325D88D0F1AE5EC405 /* Release */,
			);
			defaultConfigurationIsVisible = 0;
			defaultConfigurationName = Debug;
		};
		AAE4AD402ACAD86ED00854F3 /* Build configuration list for PBXNativeTarget "AppLocker" */ = {
			isa = XCConfigurationList;
			buildConfigurations = (
				39DF8C8FAB9EDBB6108AE99A /* Debug */,
				87608286E422C55091A829B1 /* Release */,
			);
			defaultConfigurationIsVisible = 0;
			defaultConfigurationName = Debug;
		};
/* End XCConfigurationList section */
	};
	rootObject = A8932C059C5524D8EEE5AB31 /* Project object */;
}
