// !$*UTF8*$!
{
	archiveVersion = 1;
	classes = {
	};
	objectVersion = 77;
	objects = {

/* Begin PBXBuildFile section */
		08451E06A226EEE2D0096588 /* GlassCard.swift in Sources */ = {isa = PBXBuildFile; fileRef = 8B1527088059B14CDA6FB1CE /* GlassCard.swift */; };
		1731C60D420780F50DB40D90 /* AuthManager.swift in Sources */ = {isa = PBXBuildFile; fileRef = D24172D617CC4B86D5A2C478 /* AuthManager.swift */; };
		1CBC943D072753FE4D6F8190 /* Localizable.strings in Resources */ = {isa = PBXBuildFile; fileRef = 0146624A729ABE90D8AED2C8 /* Localizable.strings */; };
		1E56BFA4A1C546470802AA0E /* PresetManageView.swift in Sources */ = {isa = PBXBuildFile; fileRef = D803C973B4D0BD43C92E368F /* PresetManageView.swift */; };
		210124F64A4D68A9C1C5DEDF /* SettingsView.swift in Sources */ = {isa = PBXBuildFile; fileRef = D9CB4F9606B42BF427801951 /* SettingsView.swift */; };
		2628DDEBC8C52C96EABBD224 /* AppState.swift in Sources */ = {isa = PBXBuildFile; fileRef = D8F1A899B0EC8955BF817D1B /* AppState.swift */; };
		2D4DA819D5E1E8E2A50CC5D6 /* FocusIntents.swift in Sources */ = {isa = PBXBuildFile; fileRef = 012A256605E3156181636017 /* FocusIntents.swift */; };
		2FB6260A6F3ADAAEE5FBEA19 /* ColorExtensions.swift in Sources */ = {isa = PBXBuildFile; fileRef = 63CB11CA49DA848A00666B5F /* ColorExtensions.swift */; };
		350C4E41C07708C9E5F20711 /* ShieldManager.swift in Sources */ = {isa = PBXBuildFile; fileRef = 64976B98B3661B0792FC1E2F /* ShieldManager.swift */; };
		377A75EE57CBD80A8CED1592 /* PresetStore.swift in Sources */ = {isa = PBXBuildFile; fileRef = 46C6F26049292B9B8F3841FA /* PresetStore.swift */; };
		37BB3CF51D7D3E223B8BE23B /* GuideView.swift in Sources */ = {isa = PBXBuildFile; fileRef = 64CB8B25CDF1DC6C338CF0F5 /* GuideView.swift */; };
		3A7D308BF88DFF11FAEC10A0 /* PresetSelectorView.swift in Sources */ = {isa = PBXBuildFile; fileRef = 66E5CBB2E34AA7022DDB65ED /* PresetSelectorView.swift */; };
		4B9C8049FDC5189A9C1F8B9E /* ScaleButtonStyle.swift in Sources */ = {isa = PBXBuildFile; fileRef = 653B0D9B264E959A30E524B5 /* ScaleButtonStyle.swift */; };
		526DBD9B5B44DAC33886492D /* StatsView.swift in Sources */ = {isa = PBXBuildFile; fileRef = E5D101AA9F260D11C65BC04A /* StatsView.swift */; };
		5CBCD0C4F5D854C02C8943F2 /* Assets.xcassets in Resources */ = {isa = PBXBuildFile; fileRef = FC2C70B6985A5CD8DBADEAD4 /* Assets.xcassets */; };
		6BEA951D754D578BDBB269E1 /* BackgroundTaskManager.swift in Sources */ = {isa = PBXBuildFile; fileRef = 8CF160853D92792DE3D8F94B /* BackgroundTaskManager.swift */; };
		6F3FF6BA7A36E7B4F94D601E /* AppLockerTests.swift in Sources */ = {isa = PBXBuildFile; fileRef = D682C253BCEB4B84679B4310 /* AppLockerTests.swift */; };
		77E36E7E071BD6BAE48F247E /* ContentView.swift in Sources */ = {isa = PBXBuildFile; fileRef = 2553F69456D89C08A1536122 /* ContentView.swift */; };
		98BF68BABA8E5D3667230E91 /* FocusPreset.swift in Sources */ = {isa = PBXBuildFile; fileRef = 7E51758039414231EB452681 /* FocusPreset.swift */; };
		A473D212EAC6BE777B244DDF /* LockStore.swift in Sources */ = {isa = PBXBuildFile; fileRef = E35ABD1B9465E56EDA666806 /* LockStore.swift */; };
		B53FE3D5972AC7393201B9FF /* AppLockerApp.swift in Sources */ = {isa = PBXBuildFile; fileRef = 4F5BE33F7DE94E17A2C3DE30 /* AppLockerApp.swift */; };
		C5CC7DD0292381B9E3A098A2 /* LockSession.swift in Sources */ = {isa = PBXBuildFile; fileRef = 07CDA76867CAA23E36352B06 /* LockSession.swift */; };
		EC0DC672578D65F4B112AD0F /* CelebrationView.swift in Sources */ = {isa = PBXBuildFile; fileRef = BCC617CA8D09A92D4EFED53C /* CelebrationView.swift */; };
		F30BB624E3F3BFD4522B20A6 /* Localization.swift in Sources */ = {isa = PBXBuildFile; fileRef = 606CE173DFA60FE9CA319119 /* Localization.swift */; };
		FA1231821148CB376E8C8BEE /* ActivityView.swift in Sources */ = {isa = PBXBuildFile; fileRef = 28EAC91A58CFD1B293F1910C /* ActivityView.swift */; };
		FE62551A8E9CF1435E5530D4 /* HomeView.swift in Sources */ = {isa = PBXBuildFile; fileRef = DE9407F31A4EAF5F3DC064EB /* HomeView.swift */; };
/* End PBXBuildFile section */

/* Begin PBXContainerItemProxy section */
		14915EE5F32EE9FA8871A8C2 /* PBXContainerItemProxy */ = {
			isa = PBXContainerItemProxy;
			containerPortal = A8932C059C5524D8EEE5AB31 /* Project object */;
			proxyType = 1;
			remoteGlobalIDString = 838A50B8352CDA35BE9467DB;
			remoteInfo = AppLocker;
		};
/* End PBXContainerItemProxy section */

/* Begin PBXFileReference section */
		012A256605E3156181636017 /* FocusIntents.swift */ = {isa = PBXFileReference; lastKnownFileType = sourcecode.swift; path = FocusIntents.swift; sourceTree = "<group>"; };
		07CDA76867CAA23E36352B06 /* LockSession.swift */ = {isa = PBXFileReference; lastKnownFileType = sourcecode.swift; path = LockSession.swift; sourceTree = "<group>"; };
		0DEF15C0BE2D9133BAAB1F81 /* en */ = {isa = PBXFileReference; lastKnownFileType = text.plist.strings; name = en; path = en.lproj/Localizable.strings; sourceTree = "<group>"; };
		2553F69456D89C08A1536122 /* ContentView.swift */ = {isa = PBXFileReference; lastKnownFileType = sourcecode.swift; path = ContentView.swift; sourceTree = "<group>"; };
		28EAC91A58CFD1B293F1910C /* ActivityView.swift */ = {isa = PBXFileReference; lastKnownFileType = sourcecode.swift; path = ActivityView.swift; sourceTree = "<group>"; };
		46C6F26049292B9B8F3841FA /* PresetStore.swift */ = {isa = PBXFileReference; lastKnownFileType = sourcecode.swift; path = PresetStore.swift; sourceTree = "<group>"; };
		4C6381354673F2554D470563 /* AppLockerTests.xctest */ = {isa = PBXFileReference; includeInIndex = 0; lastKnownFileType = wrapper.cfbundle; path = AppLockerTests.xctest; sourceTree = BUILT_PRODUCTS_DIR; };
		4F5BE33F7DE94E17A2C3DE30 /* AppLockerApp.swift */ = {isa = PBXFileReference; lastKnownFileType = sourcecode.swift; path = AppLockerApp.swift; sourceTree = "<group>"; };
		606CE173DFA60FE9CA319119 /* Localization.swift */ = {isa = PBXFileReference; lastKnownFileType = sourcecode.swift; path = Localization.swift; sourceTree = "<group>"; };
		63CB11CA49DA848A00666B5F /* ColorExtensions.swift */ = {isa = PBXFileReference; lastKnownFileType = sourcecode.swift; path = ColorExtensions.swift; sourceTree = "<group>"; };
		64976B98B3661B0792FC1E2F /* ShieldManager.swift */ = {isa = PBXFileReference; lastKnownFileType = sourcecode.swift; path = ShieldManager.swift; sourceTree = "<group>"; };
		64CB8B25CDF1DC6C338CF0F5 /* GuideView.swift */ = {isa = PBXFileReference; lastKnownFileType = sourcecode.swift; path = GuideView.swift; sourceTree = "<group>"; };
		653B0D9B264E959A30E524B5 /* ScaleButtonStyle.swift */ = {isa = PBXFileReference; lastKnownFileType = sourcecode.swift; path = ScaleButtonStyle.swift; sourceTree = "<group>"; };
		66E5CBB2E34AA7022DDB65ED /* PresetSelectorView.swift */ = {isa = PBXFileReference; lastKnownFileType = sourcecode.swift; path = PresetSelectorView.swift; sourceTree = "<group>"; };
		6C66F2C2D536D29202AB3B23 /* AppLocker.app */ = {isa = PBXFileReference; includeInIndex = 0; lastKnownFileType = wrapper.application; path = AppLocker.app; sourceTree = BUILT_PRODUCTS_DIR; };
		7E51758039414231EB452681 /* FocusPreset.swift */ = {isa = PBXFileReference; lastKnownFileType = sourcecode.swift; path = FocusPreset.swift; sourceTree = "<group>"; };
		8B1527088059B14CDA6FB1CE /* GlassCard.swift */ = {isa = PBXFileReference; lastKnownFileType = sourcecode.swift; path = GlassCard.swift; sourceTree = "<group>"; };
		8CF160853D92792DE3D8F94B /* BackgroundTaskManager.swift */ = {isa = PBXFileReference; lastKnownFileType = sourcecode.swift; path = BackgroundTaskManager.swift; sourceTree = "<group>"; };
		90DE6E1C641C1FAF4FD240FE /* AppLocker.entitlements */ = {isa = PBXFileReference; lastKnownFileType = text.plist.entitlements; path = AppLocker.entitlements; sourceTree = "<group>"; };
		BCC617CA8D09A92D4EFED53C /* CelebrationView.swift */ = {isa = PBXFileReference; lastKnownFileType = sourcecode.swift; path = CelebrationView.swift; sourceTree = "<group>"; };
		C376E0F0C047147E51FA5AF7 /* Info.plist */ = {isa = PBXFileReference; lastKnownFileType = text.plist; path = Info.plist; sourceTree = "<group>"; };
		C810F83A3666EA1512CC0026 /* zh-Hans */ = {isa = PBXFileReference; lastKnownFileType = text.plist.strings; name = "zh-Hans"; path = "zh-Hans.lproj/Localizable.strings"; sourceTree = "<group>"; };
		D24172D617CC4B86D5A2C478 /* AuthManager.swift */ = {isa = PBXFileReference; lastKnownFileType = sourcecode.swift; path = AuthManager.swift; sourceTree = "<group>"; };
		D682C253BCEB4B84679B4310 /* AppLockerTests.swift */ = {isa = PBXFileReference; lastKnownFileType = sourcecode.swift; path = AppLockerTests.swift; sourceTree = "<group>"; };
		D803C973B4D0BD43C92E368F /* PresetManageView.swift */ = {isa = PBXFileReference; lastKnownFileType = sourcecode.swift; path = PresetManageView.swift; sourceTree = "<group>"; };
		D8F1A899B0EC8955BF817D1B /* AppState.swift */ = {isa = PBXFileReference; lastKnownFileType = sourcecode.swift; path = AppState.swift; sourceTree = "<group>"; };
		D9CB4F9606B42BF427801951 /* SettingsView.swift */ = {isa = PBXFileReference; lastKnownFileType = sourcecode.swift; path = SettingsView.swift; sourceTree = "<group>"; };
		DE9407F31A4EAF5F3DC064EB /* HomeView.swift */ = {isa = PBXFileReference; lastKnownFileType = sourcecode.swift; path = HomeView.swift; sourceTree = "<group>"; };
		E35ABD1B9465E56EDA666806 /* LockStore.swift */ = {isa = PBXFileReference; lastKnownFileType = sourcecode.swift; path = LockStore.swift; sourceTree = "<group>"; };
		E5D101AA9F260D11C65BC04A /* StatsView.swift */ = {isa = PBXFileReference; lastKnownFileType = sourcecode.swift; path = StatsView.swift; sourceTree = "<group>"; };
		FC2C70B6985A5CD8DBADEAD4 /* Assets.xcassets */ = {isa = PBXFileReference; lastKnownFileType = folder.assetcatalog; path = Assets.xcassets; sourceTree = "<group>"; };
/* End PBXFileReference section */

/* Begin PBXGroup section */
		130001F0518C552B0DE9D521 /* Home */ = {
			isa = PBXGroup;
			children = (
				DE9407F31A4EAF5F3DC064EB /* HomeView.swift */,
			);
			path = Home;
			sourceTree = "<group>";
		};
		4AC503E20D4C821005116143 /* AppLockerTests */ = {
			isa = PBXGroup;
			children = (
				D682C253BCEB4B84679B4310 /* AppLockerTests.swift */,
			);
			path = AppLockerTests;
			sourceTree = "<group>";
		};
		76668E2B56E823FABA6F7CE4 /* Components */ = {
			isa = PBXGroup;
			children = (
				28EAC91A58CFD1B293F1910C /* ActivityView.swift */,
				BCC617CA8D09A92D4EFED53C /* CelebrationView.swift */,
				8B1527088059B14CDA6FB1CE /* GlassCard.swift */,
				D803C973B4D0BD43C92E368F /* PresetManageView.swift */,
				66E5CBB2E34AA7022DDB65ED /* PresetSelectorView.swift */,
				653B0D9B264E959A30E524B5 /* ScaleButtonStyle.swift */,
			);
			path = Components;
			sourceTree = "<group>";
		};
		8B6DF3FDA9B1050AA3BD851A /* Utilities */ = {
			isa = PBXGroup;
			children = (
				63CB11CA49DA848A00666B5F /* ColorExtensions.swift */,
				606CE173DFA60FE9CA319119 /* Localization.swift */,
			);
			path = Utilities;
			sourceTree = "<group>";
		};
		8C3A5AB94E522078C0270E61 /* Resources */ = {
			isa = PBXGroup;
			children = (
				FC2C70B6985A5CD8DBADEAD4 /* Assets.xcassets */,
			);
			path = Resources;
			sourceTree = "<group>";
		};
		8E0F6311E271BB1A63CD3BF9 = {
			isa = PBXGroup;
			children = (
				E4F4F09F47F4A723EB4121D8 /* AppLocker */,
				4AC503E20D4C821005116143 /* AppLockerTests */,
				CBEA73997D78AB8F6D3E9A93 /* Products */,
			);
			sourceTree = "<group>";
		};
		9B2315F2F34C9B0DE544A3D2 /* Stores */ = {
			isa = PBXGroup;
			children = (
				E35ABD1B9465E56EDA666806 /* LockStore.swift */,
				46C6F26049292B9B8F3841FA /* PresetStore.swift */,
			);
			path = Stores;
			sourceTree = "<group>";
		};
		9F189ECB0B0F8C47F7C8B915 /* Managers */ = {
			isa = PBXGroup;
			children = (
				D24172D617CC4B86D5A2C478 /* AuthManager.swift */,
				8CF160853D92792DE3D8F94B /* BackgroundTaskManager.swift */,
				64976B98B3661B0792FC1E2F /* ShieldManager.swift */,
			);
			path = Managers;
			sourceTree = "<group>";
		};
		AD7475D64AF286F17FB08738 /* Views */ = {
			isa = PBXGroup;
			children = (
				E5D101AA9F260D11C65BC04A /* StatsView.swift */,
				76668E2B56E823FABA6F7CE4 /* Components */,
				BBCEE3F68F2DD50118890B3F /* Guide */,
				130001F0518C552B0DE9D521 /* Home */,
				D90C3DC27F57CA3E16DB9E1F /* Settings */,
			);
			path = Views;
			sourceTree = "<group>";
		};
		B315DED027080CD13C6932F1 /* Intents */ = {
			isa = PBXGroup;
			children = (
				012A256605E3156181636017 /* FocusIntents.swift */,
			);
			path = Intents;
			sourceTree = "<group>";
		};
		BBCEE3F68F2DD50118890B3F /* Guide */ = {
			isa = PBXGroup;
			children = (
				64CB8B25CDF1DC6C338CF0F5 /* GuideView.swift */,
			);
			path = Guide;
			sourceTree = "<group>";
		};
		CBEA73997D78AB8F6D3E9A93 /* Products */ = {
			isa = PBXGroup;
			children = (
				6C66F2C2D536D29202AB3B23 /* AppLocker.app */,
				4C6381354673F2554D470563 /* AppLockerTests.xctest */,
			);
			name = Products;
			sourceTree = "<group>";
		};
		CD8BFDCAFEB57A9F7B611A5C /* Models */ = {
			isa = PBXGroup;
			children = (
				D8F1A899B0EC8955BF817D1B /* AppState.swift */,
				7E51758039414231EB452681 /* FocusPreset.swift */,
				07CDA76867CAA23E36352B06 /* LockSession.swift */,
			);
			path = Models;
			sourceTree = "<group>";
		};
		D90C3DC27F57CA3E16DB9E1F /* Settings */ = {
			isa = PBXGroup;
			children = (
				D9CB4F9606B42BF427801951 /* SettingsView.swift */,
			);
			path = Settings;
			sourceTree = "<group>";
		};
		DF4108D2F74AF7980D2AC567 /* App */ = {
			isa = PBXGroup;
			children = (
				4F5BE33F7DE94E17A2C3DE30 /* AppLockerApp.swift */,
				2553F69456D89C08A1536122 /* ContentView.swift */,
			);
			path = App;
			sourceTree = "<group>";
		};
		E4F4F09F47F4A723EB4121D8 /* AppLocker */ = {
			isa = PBXGroup;
			children = (
				90DE6E1C641C1FAF4FD240FE /* AppLocker.entitlements */,
				C376E0F0C047147E51FA5AF7 /* Info.plist */,
				DF4108D2F74AF7980D2AC567 /* App */,
				B315DED027080CD13C6932F1 /* Intents */,
				0146624A729ABE90D8AED2C8 /* Localizable.strings */,
				9F189ECB0B0F8C47F7C8B915 /* Managers */,
				CD8BFDCAFEB57A9F7B611A5C /* Models */,
				8C3A5AB94E522078C0270E61 /* Resources */,
				9B2315F2F34C9B0DE544A3D2 /* Stores */,
				8B6DF3FDA9B1050AA3BD851A /* Utilities */,
				AD7475D64AF286F17FB08738 /* Views */,
			);
			path = AppLocker;
			sourceTree = "<group>";
		};
/* End PBXGroup section */

/* Begin PBXNativeTarget section */
		62F41D85C25AB7ABDFBBFB19 /* AppLockerTests */ = {
			isa = PBXNativeTarget;
			buildConfigurationList = 25517BE38DF80A1321EBD897 /* Build configuration list for PBXNativeTarget "AppLockerTests" */;
			buildPhases = (
				96596564735D61270C514CB2 /* Sources */,
			);
			buildRules = (
			);
			dependencies = (
				3B1E6990B28BB0075BC623DA /* PBXTargetDependency */,
			);
			name = AppLockerTests;
			packageProductDependencies = (
			);
			productName = AppLockerTests;
			productReference = 4C6381354673F2554D470563 /* AppLockerTests.xctest */;
			productType = "com.apple.product-type.bundle.unit-test";
		};
		838A50B8352CDA35BE9467DB /* AppLocker */ = {
			isa = PBXNativeTarget;
			buildConfigurationList = AAE4AD402ACAD86ED00854F3 /* Build configuration list for PBXNativeTarget "AppLocker" */;
			buildPhases = (
				5C51E605B5FB1088D2A76E79 /* Sources */,
				AD173A55884ADCCF29B7F360 /* Resources */,
			);
			buildRules = (
			);
			dependencies = (
			);
			name = AppLocker;
			packageProductDependencies = (
			);
			productName = AppLocker;
			productReference = 6C66F2C2D536D29202AB3B23 /* AppLocker.app */;
			productType = "com.apple.product-type.application";
		};
/* End PBXNativeTarget section */

/* Begin PBXProject section */
		A8932C059C5524D8EEE5AB31 /* Project object */ = {
			isa = PBXProject;
			attributes = {
				BuildIndependentTargetsInParallel = YES;
				LastUpgradeCheck = 1600;
				TargetAttributes = {
					62F41D85C25AB7ABDFBBFB19 = {
						DevelopmentTeam = 2ZNZRXNPWQ;
						ProvisioningStyle = Automatic;
					};
					838A50B8352CDA35BE9467DB = {
						DevelopmentTeam = 2ZNZRXNPWQ;
						ProvisioningStyle = Automatic;
					};
				};
			};
			buildConfigurationList = A6A8C1B754898942F8811D6C /* Build configuration list for PBXProject "AppLocker" */;
			developmentRegion = en;
			hasScannedForEncodings = 0;
			knownRegions = (
				Base,
				en,
				"zh-Hans",
			);
			mainGroup = 8E0F6311E271BB1A63CD3BF9;
			minimizedProjectReferenceProxies = 1;
			preferredProjectObjectVersion = 77;
			productRefGroup = CBEA73997D78AB8F6D3E9A93 /* Products */;
			projectDirPath = "";
			projectRoot = "";
			targets = (
				838A50B8352CDA35BE9467DB /* AppLocker */,
				62F41D85C25AB7ABDFBBFB19 /* AppLockerTests */,
			);
		};
/* End PBXProject section */

/* Begin PBXResourcesBuildPhase section */
		AD173A55884ADCCF29B7F360 /* Resources */ = {
			isa = PBXResourcesBuildPhase;
			buildActionMask = 2147483647;
			files = (
				5CBCD0C4F5D854C02C8943F2 /* Assets.xcassets in Resources */,
				1CBC943D072753FE4D6F8190 /* Localizable.strings in Resources */,
			);
			runOnlyForDeploymentPostprocessing = 0;
		};
/* End PBXResourcesBuildPhase section */

/* Begin PBXSourcesBuildPhase section */
		5C51E605B5FB1088D2A76E79 /* Sources */ = {
			isa = PBXSourcesBuildPhase;
			buildActionMask = 2147483647;
			files = (
				FA1231821148CB376E8C8BEE /* ActivityView.swift in Sources */,
				B53FE3D5972AC7393201B9FF /* AppLockerApp.swift in Sources */,
				2628DDEBC8C52C96EABBD224 /* AppState.swift in Sources */,
				1731C60D420780F50DB40D90 /* AuthManager.swift in Sources */,
				6BEA951D754D578BDBB269E1 /* BackgroundTaskManager.swift in Sources */,
				EC0DC672578D65F4B112AD0F /* CelebrationView.swift in Sources */,
				2FB6260A6F3ADAAEE5FBEA19 /* ColorExtensions.swift in Sources */,
				77E36E7E071BD6BAE48F247E /* ContentView.swift in Sources */,
				2D4DA819D5E1E8E2A50CC5D6 /* FocusIntents.swift in Sources */,
				98BF68BABA8E5D3667230E91 /* FocusPreset.swift in Sources */,
				08451E06A226EEE2D0096588 /* GlassCard.swift in Sources */,
				37BB3CF51D7D3E223B8BE23B /* GuideView.swift in Sources */,
				FE62551A8E9CF1435E5530D4 /* HomeView.swift in Sources */,
				F30BB624E3F3BFD4522B20A6 /* Localization.swift in Sources */,
				C5CC7DD0292381B9E3A098A2 /* LockSession.swift in Sources */,
				A473D212EAC6BE777B244DDF /* LockStore.swift in Sources */,
				1E56BFA4A1C546470802AA0E /* PresetManageView.swift in Sources */,
				3A7D308BF88DFF11FAEC10A0 /* PresetSelectorView.swift in Sources */,
				377A75EE57CBD80A8CED1592 /* PresetStore.swift in Sources */,
				4B9C8049FDC5189A9C1F8B9E /* ScaleButtonStyle.swift in Sources */,
				210124F64A4D68A9C1C5DEDF /* SettingsView.swift in Sources */,
				350C4E41C07708C9E5F20711 /* ShieldManager.swift in Sources */,
				526DBD9B5B44DAC33886492D /* StatsView.swift in Sources */,
			);
			runOnlyForDeploymentPostprocessing = 0;
		};
		96596564735D61270C514CB2 /* Sources */ = {
			isa = PBXSourcesBuildPhase;
			buildActionMask = 2147483647;
			files = (
				6F3FF6BA7A36E7B4F94D601E /* AppLockerTests.swift in Sources */,
			);
			runOnlyForDeploymentPostprocessing = 0;
		};
/* End PBXSourcesBuildPhase section */

/* Begin PBXTargetDependency section */
		3B1E6990B28BB0075BC623DA /* PBXTargetDependency */ = {
			isa = PBXTargetDependency;
			target = 838A50B8352CDA35BE9467DB /* AppLocker */;
			targetProxy = 14915EE5F32EE9FA8871A8C2 /* PBXContainerItemProxy */;
		};
/* End PBXTargetDependency section */

/* Begin PBXVariantGroup section */
		0146624A729ABE90D8AED2C8 /* Localizable.strings */ = {
			isa = PBXVariantGroup;
			children = (
				0DEF15C0BE2D9133BAAB1F81 /* en */,
				C810F83A3666EA1512CC0026 /* zh-Hans */,
			);
			name = Localizable.strings;
			sourceTree = "<group>";
		};
/* End PBXVariantGroup section */

/* Begin XCBuildConfiguration section */
		371C0AB1BB9C558E6F093BE9 /* Release */ = {
			isa = XCBuildConfiguration;
			buildSettings = {
				BUNDLE_LOADER = "$(TEST_HOST)";
				CODE_SIGN_ENTITLEMENTS = "";
				GENERATE_INFOPLIST_FILE = YES;
				LD_RUNPATH_SEARCH_PATHS = (
					"$(inherited)",
					"@executable_path/Frameworks",
					"@loader_path/Frameworks",
				);
				PRODUCT_BUNDLE_IDENTIFIER = com.pangtong.applocker.tests;
				SDKROOT = iphoneos;
				SWIFT_EMIT_LOC_STRINGS = YES;
				TARGETED_DEVICE_FAMILY = "1,2";
				TEST_HOST = "$(BUILT_PRODUCTS_DIR)/AppLocker.app/$(BUNDLE_EXECUTABLE_FOLDER_PATH)/AppLocker";
			};
			name = Release;
		};
		39DF8C8FAB9EDBB6108AE99A /* Debug */ = {
			isa = XCBuildConfiguration;
			buildSettings = {
				ASSETCATALOG_COMPILER_APPICON_NAME = AppIcon;
				CODE_SIGN_ENTITLEMENTS = AppLocker/AppLocker.entitlements;
				CODE_SIGN_IDENTITY = "iPhone Developer";
				GENERATE_INFOPLIST_FILE = YES;
				INFOPLIST_FILE = AppLocker/Info.plist;
				INFOPLIST_KEY_UILaunchScreen_Generation = YES;
				INFOPLIST_KEY_UIStatusBarStyle = UIStatusBarStyleDefault;
				INFOPLIST_KEY_UISupportedInterfaceOrientations = UIInterfaceOrientationPortrait;
				LD_RUNPATH_SEARCH_PATHS = (
					"$(inherited)",
					"@executable_path/Frameworks",
				);
				PRODUCT_BUNDLE_IDENTIFIER = com.pangtong.applocker;
				SDKROOT = iphoneos;
				SUPPORTS_XR_DESIGNED_FOR_IPHONE_IPAD = NO;
				TARGETED_DEVICE_FAMILY = 1;
			};
			name = Debug;
		};
		82727135C5DC1213A2BC8A6B /* Debug */ = {
			isa = XCBuildConfiguration;
			buildSettings = {
				BUNDLE_LOADER = "$(TEST_HOST)";
				CODE_SIGN_ENTITLEMENTS = "";
				GENERATE_INFOPLIST_FILE = YES;
				LD_RUNPATH_SEARCH_PATHS = (
					"$(inherited)",
					"@executable_path/Frameworks",
					"@loader_path/Frameworks",
				);
				PRODUCT_BUNDLE_IDENTIFIER = com.pangtong.applocker.tests;
				SDKROOT = iphoneos;
				SWIFT_EMIT_LOC_STRINGS = YES;
				TARGETED_DEVICE_FAMILY = "1,2";
				TEST_HOST = "$(BUILT_PRODUCTS_DIR)/AppLocker.app/$(BUNDLE_EXECUTABLE_FOLDER_PATH)/AppLocker";
			};
			name = Debug;
		};
		87608286E422C55091A829B1 /* Release */ = {
			isa = XCBuildConfiguration;
			buildSettings = {
				ASSETCATALOG_COMPILER_APPICON_NAME = AppIcon;
				CODE_SIGN_ENTITLEMENTS = AppLocker/AppLocker.entitlements;
				CODE_SIGN_IDENTITY = "iPhone Developer";
				GENERATE_INFOPLIST_FILE = YES;
				INFOPLIST_FILE = AppLocker/Info.plist;
				INFOPLIST_KEY_UILaunchScreen_Generation = YES;
				INFOPLIST_KEY_UIStatusBarStyle = UIStatusBarStyleDefault;
				INFOPLIST_KEY_UISupportedInterfaceOrientations = UIInterfaceOrientationPortrait;
				LD_RUNPATH_SEARCH_PATHS = (
					"$(inherited)",
					"@executable_path/Frameworks",
				);
				PRODUCT_BUNDLE_IDENTIFIER = com.pangtong.applocker;
				SDKROOT = iphoneos;
				SUPPORTS_XR_DESIGNED_FOR_IPHONE_IPAD = NO;
				TARGETED_DEVICE_FAMILY = 1;
			};
			name = Release;
		};
		CF49C63E6ABA3C54264FDC1D /* Debug */ = {
			isa = XCBuildConfiguration;
			buildSettings = {
				ALWAYS_SEARCH_USER_PATHS = NO;
				ASSETCATALOG_COMPILER_APPICON_NAME = AppIcon;
				CLANG_ANALYZER_NONNULL = YES;
				CLANG_ANALYZER_NUMBER_OBJECT_CONVERSION = YES_AGGRESSIVE;
				CLANG_CXX_LANGUAGE_STANDARD = "gnu++14";
				CLANG_CXX_LIBRARY = "libc++";
				CLANG_ENABLE_MODULES = YES;
				CLANG_ENABLE_OBJC_ARC = YES;
				CLANG_ENABLE_OBJC_WEAK = YES;
				CLANG_WARN_BLOCK_CAPTURE_AUTORELEASING = YES;
				CLANG_WARN_BOOL_CONVERSION = YES;
				CLANG_WARN_COMMA = YES;
				CLANG_WARN_CONSTANT_CONVERSION = YES;
				CLANG_WARN_DEPRECATED_OBJC_IMPLEMENTATIONS = YES;
				CLANG_WARN_DIRECT_OBJC_ISA_USAGE = YES_ERROR;
				CLANG_WARN_DOCUMENTATION_COMMENTS = YES;
				CLANG_WARN_EMPTY_BODY = YES;
				CLANG_WARN_ENUM_CONVERSION = YES;
				CLANG_WARN_INFINITE_RECURSION = YES;
				CLANG_WARN_INT_CONVERSION = YES;
				CLANG_WARN_NON_LITERAL_NULL_CONVERSION = YES;
				CLANG_WARN_OBJC_IMPLICIT_RETAIN_SELF = YES;
				CLANG_WARN_OBJC_LITERAL_CONVERSION = YES;
				CLANG_WARN_OBJC_ROOT_CLASS = YES_ERROR;
				CLANG_WARN_QUOTED_INCLUDE_IN_FRAMEWORK_HEADER = YES;
				CLANG_WARN_RANGE_LOOP_ANALYSIS = YES;
				CLANG_WARN_STRICT_PROTOTYPES = YES;
				CLANG_WARN_SUSPICIOUS_MOVE = YES;
				CLANG_WARN_UNGUARDED_AVAILABILITY = YES_AGGRESSIVE;
				CLANG_WARN_UNREACHABLE_CODE = YES;
				CLANG_WARN__DUPLICATE_METHOD_MATCH = YES;
				CODE_SIGN_STYLE = Automatic;
				COPY_PHASE_STRIP = NO;
				CURRENT_PROJECT_VERSION = 1;
				DEBUG_INFORMATION_FORMAT = dwarf;
				DEVELOPMENT_TEAM = 2ZNZRXNPWQ;
				ENABLE_PREVIEWS = YES;
				ENABLE_STRICT_OBJC_MSGSEND = YES;
				ENABLE_TESTABILITY = YES;
				GCC_C_LANGUAGE_STANDARD = gnu11;
				GCC_DYNAMIC_NO_PIC = NO;
				GCC_NO_COMMON_BLOCKS = YES;
				GCC_OPTIMIZATION_LEVEL = 0;
				GCC_PREPROCESSOR_DEFINITIONS = (
					"$(inherited)",
					"DEBUG=1",
				);
				GCC_WARN_64_TO_32_BIT_CONVERSION = YES;
				GCC_WARN_ABOUT_RETURN_TYPE = YES_ERROR;
				GCC_WARN_UNDECLARED_SELECTOR = YES;
				GCC_WARN_UNINITIALIZED_AUTOS = YES_AGGRESSIVE;
				GCC_WARN_UNUSED_FUNCTION = YES;
				GCC_WARN_UNUSED_VARIABLE = YES;
				INFOPLIST_KEY_CFBundleDisplayName = "应用锁";
				INFOPLIST_KEY_LSApplicationCategoryType = "public.app-category.utilities";
				IPHONEOS_DEPLOYMENT_TARGET = 17.0;
				MARKETING_VERSION = 1.0;
				MTL_ENABLE_DEBUG_INFO = INCLUDE_SOURCE;
				MTL_FAST_MATH = YES;
				ONLY_ACTIVE_ARCH = YES;
				PRODUCT_NAME = "$(TARGET_NAME)";
				SDKROOT = iphoneos;
				SWIFT_ACTIVE_COMPILATION_CONDITIONS = DEBUG;
				SWIFT_OPTIMIZATION_LEVEL = "-Onone";
				SWIFT_STRICT_CONCURRENCY = complete;
				SWIFT_VERSION = 6.0;
			};
			name = Debug;
		};
		F71E76325D88D0F1AE5EC405 /* Release */ = {
			isa = XCBuildConfiguration;
			buildSettings = {
				ALWAYS_SEARCH_USER_PATHS = NO;
				ASSETCATALOG_COMPILER_APPICON_NAME = AppIcon;
				CLANG_ANALYZER_NONNULL = YES;
				CLANG_ANALYZER_NUMBER_OBJECT_CONVERSION = YES_AGGRESSIVE;
				CLANG_CXX_LANGUAGE_STANDARD = "gnu++14";
				CLANG_CXX_LIBRARY = "libc++";
				CLANG_ENABLE_MODULES = YES;
				CLANG_ENABLE_OBJC_ARC = YES;
				CLANG_ENABLE_OBJC_WEAK = YES;
				CLANG_WARN_BLOCK_CAPTURE_AUTORELEASING = YES;
				CLANG_WARN_BOOL_CONVERSION = YES;
				CLANG_WARN_COMMA = YES;
				CLANG_WARN_CONSTANT_CONVERSION = YES;
				CLANG_WARN_DEPRECATED_OBJC_IMPLEMENTATIONS = YES;
				CLANG_WARN_DIRECT_OBJC_ISA_USAGE = YES_ERROR;
				CLANG_WARN_DOCUMENTATION_COMMENTS = YES;
				CLANG_WARN_EMPTY_BODY = YES;
				CLANG_WARN_ENUM_CONVERSION = YES;
				CLANG_WARN_INFINITE_RECURSION = YES;
				CLANG_WARN_INT_CONVERSION = YES;
				CLANG_WARN_NON_LITERAL_NULL_CONVERSION = YES;
				CLANG_WARN_OBJC_IMPLICIT_RETAIN_SELF = YES;
				CLANG_WARN_OBJC_LITERAL_CONVERSION = YES;
				CLANG_WARN_OBJC_ROOT_CLASS = YES_ERROR;
				CLANG_WARN_QUOTED_INCLUDE_IN_FRAMEWORK_HEADER = YES;
				CLANG_WARN_RANGE_LOOP_ANALYSIS = YES;
				CLANG_WARN_STRICT_PROTOTYPES = YES;
				CLANG_WARN_SUSPICIOUS_MOVE = YES;
				CLANG_WARN_UNGUARDED_AVAILABILITY = YES_AGGRESSIVE;
				CLANG_WARN_UNREACHABLE_CODE = YES;
				CLANG_WARN__DUPLICATE_METHOD_MATCH = YES;
				CODE_SIGN_STYLE = Automatic;
				COPY_PHASE_STRIP = NO;
				CURRENT_PROJECT_VERSION = 1;
				DEBUG_INFORMATION_FORMAT = "dwarf-with-dsym";
				DEVELOPMENT_TEAM = 2ZNZRXNPWQ;
				ENABLE_NS_ASSERTIONS = NO;
				ENABLE_PREVIEWS = YES;
				ENABLE_STRICT_OBJC_MSGSEND = YES;
				GCC_C_LANGUAGE_STANDARD = gnu11;
				GCC_NO_COMMON_BLOCKS = YES;
				GCC_WARN_64_TO_32_BIT_CONVERSION = YES;
				GCC_WARN_ABOUT_RETURN_TYPE = YES_ERROR;
				GCC_WARN_UNDECLARED_SELECTOR = YES;
				GCC_WARN_UNINITIALIZED_AUTOS = YES_AGGRESSIVE;
				GCC_WARN_UNUSED_FUNCTION = YES;
				GCC_WARN_UNUSED_VARIABLE = YES;
				INFOPLIST_KEY_CFBundleDisplayName = "应用锁";
				INFOPLIST_KEY_LSApplicationCategoryType = "public.app-category.utilities";
				IPHONEOS_DEPLOYMENT_TARGET = 17.0;
				MARKETING_VERSION = 1.0;
				MTL_ENABLE_DEBUG_INFO = NO;
				MTL_FAST_MATH = YES;
				PRODUCT_NAME = "$(TARGET_NAME)";
				SDKROOT = iphoneos;
				SWIFT_COMPILATION_MODE = wholemodule;
				SWIFT_OPTIMIZATION_LEVEL = "-O";
				SWIFT_STRICT_CONCURRENCY = complete;
				SWIFT_VERSION = 6.0;
			};
			name = Release;
		};
/* End XCBuildConfiguration section */

/* Begin XCConfigurationList section */
		25517BE38DF80A1321EBD897 /* Build configuration list for PBXNativeTarget "AppLockerTests" */ = {
			isa = XCConfigurationList;
			buildConfigurations = (
				82727135C5DC1213A2BC8A6B /* Debug */,
				371C0AB1BB9C558E6F093BE9 /* Release */,
			);
			defaultConfigurationIsVisible = 0;
			defaultConfigurationName = Debug;
		};
		A6A8C1B754898942F8811D6C /* Build configuration list for PBXProject "AppLocker" */ = {
			isa = XCConfigurationList;
			buildConfigurations = (
				CF49C63E6ABA3C54264FDC1D /* Debug */,
				F71E76325D88D0F1AE5EC405 /* Release */,
			);
			defaultConfigurationIsVisible = 0;
			defaultConfigurationName = Debug;
		};
		AAE4AD402ACAD86ED00854F3 /* Build configuration list for PBXNativeTarget "AppLocker" */ = {
			isa = XCConfigurationList;
			buildConfigurations = (
				39DF8C8FAB9EDBB6108AE99A /* Debug */,
				87608286E422C55091A829B1 /* Release */,
			);
			defaultConfigurationIsVisible = 0;
			defaultConfigurationName = Debug;
		};
/* End XCConfigurationList section */
	};
	rootObject = A8932C059C5524D8EEE5AB31 /* Project object */;
}
